<Solution>
  <Folder Name="/src/">
    <Project Path="src/RSCG_DBContext/RSCG_DBContext.csproj" />
  </Folder>
  <Folder Name="/tests/">
    <Project Path="tests/RSCG_DBContext.Tests/RSCG_DBContext.Tests.csproj" />
  </Folder>
  <Project Path="ExampleProject/ExampleProject.csproj" Id="40b06ecb-5f7c-4be2-b150-c7832a165e4a" />
</Solution>
